
Microsoft Visual Studio Solution File, Format Version 12.00
# Visual Studio Version 17
VisualStudioVersion = 17.7.34009.444
MinimumVisualStudioVersion = 10.0.40219.1
Project("{FAE04EC0-301F-11D3-BF4B-00C04F79EFBC}") = "politi-case-frontend", "politi-case-frontend\politi-case-frontend.csproj", "{FF719F6D-495E-4A5E-9E90-1820551B78FD}"
EndProject
Global
	GlobalSection(SolutionConfigurationPlatforms) = preSolution
		Debug|Any CPU = Debug|Any CPU
		Release|Any CPU = Release|Any CPU
	EndGlobalSection
	GlobalSection(ProjectConfigurationPlatforms) = postSolution
		{FF719F6D-495E-4A5E-9E90-1820551B78FD}.Debug|Any CPU.ActiveCfg = Debug|Any CPU
		{FF719F6D-495E-4A5E-9E90-1820551B78FD}.Debug|Any CPU.Build.0 = Debug|Any CPU
		{FF719F6D-495E-4A5E-9E90-1820551B78FD}.Release|Any CPU.ActiveCfg = Release|Any CPU
		{FF719F6D-495E-4A5E-9E90-1820551B78FD}.Release|Any CPU.Build.0 = Release|Any CPU
	EndGlobalSection
	GlobalSection(SolutionProperties) = preSolution
		HideSolutionNode = FALSE
	EndGlobalSection
	GlobalSection(ExtensibilityGlobals) = postSolution
		SolutionGuid = {95B865E0-D0D3-4208-81B8-EE37A19CDEEE}
	EndGlobalSection
EndGlobal
